
Microsoft Visual Studio Solution File, Format Version 12.00
# Visual Studio Version 17
VisualStudioVersion = 17.9.34728.123
MinimumVisualStudioVersion = 10.0.40219.1
Project("{FAE04EC0-301F-11D3-BF4B-00C04F79EFBC}") = "TreeViewTransfer", "TreeViewTransfer\TreeViewTransfer.csproj", "{F198B5EF-E3C0-46BF-8AA7-DDA53A0CC13F}"
EndProject
Global
	GlobalSection(SolutionConfigurationPlatforms) = preSolution
		Debug|Any CPU = Debug|Any CPU
		Release|Any CPU = Release|Any CPU
	EndGlobalSection
	GlobalSection(ProjectConfigurationPlatforms) = postSolution
		{F198B5EF-E3C0-46BF-8AA7-DDA53A0CC13F}.Debug|Any CPU.ActiveCfg = Debug|Any CPU
		{F198B5EF-E3C0-46BF-8AA7-DDA53A0CC13F}.Debug|Any CPU.Build.0 = Debug|Any CPU
		{F198B5EF-E3C0-46BF-8AA7-DDA53A0CC13F}.Release|Any CPU.ActiveCfg = Release|Any CPU
		{F198B5EF-E3C0-46BF-8AA7-DDA53A0CC13F}.Release|Any CPU.Build.0 = Release|Any CPU
	EndGlobalSection
	GlobalSection(SolutionProperties) = preSolution
		HideSolutionNode = FALSE
	EndGlobalSection
	GlobalSection(ExtensibilityGlobals) = postSolution
		SolutionGuid = {121FF595-FBF5-4976-961F-0480C873CCA8}
	EndGlobalSection
EndGlobal
